
Microsoft Visual Studio Solution File, Format Version 12.00
# Visual Studio Version 16
VisualStudioVersion = 16.0.30621.155
MinimumVisualStudioVersion = 10.0.40219.1
Project("{FAE04EC0-301F-11D3-BF4B-00C04F79EFBC}") = "Lab4v3", "Lab4v3\Lab4v3.csproj", "{D1234916-518A-4611-AD46-968D0386709A}"
EndProject
Global
	GlobalSection(SolutionConfigurationPlatforms) = preSolution
		Debug|Any CPU = Debug|Any CPU
		Release|Any CPU = Release|Any CPU
	EndGlobalSection
	GlobalSection(ProjectConfigurationPlatforms) = postSolution
		{D1234916-518A-4611-AD46-968D0386709A}.Debug|Any CPU.ActiveCfg = Debug|Any CPU
		{D1234916-518A-4611-AD46-968D0386709A}.Debug|Any CPU.Build.0 = Debug|Any CPU
		{D1234916-518A-4611-AD46-968D0386709A}.Release|Any CPU.ActiveCfg = Release|Any CPU
		{D1234916-518A-4611-AD46-968D0386709A}.Release|Any CPU.Build.0 = Release|Any CPU
	EndGlobalSection
	GlobalSection(SolutionProperties) = preSolution
		HideSolutionNode = FALSE
	EndGlobalSection
	GlobalSection(ExtensibilityGlobals) = postSolution
		SolutionGuid = {59ECB4A2-3370-4ABA-89F4-07D1106157EF}
	EndGlobalSection
EndGlobal
